
Microsoft Visual Studio Solution File, Format Version 12.00
# Visual Studio Version 17
VisualStudioVersion = 17.5.002.0
MinimumVisualStudioVersion = 10.0.40219.1
Project("{9A19103F-16F7-4668-BE54-9A1E7A4F7556}") = "AlanCevre", "AlanCevre.csproj", "{B3F50719-C5F0-48DE-A381-179E7E5DC8AB}"
EndProject
Global
	GlobalSection(SolutionConfigurationPlatforms) = preSolution
		Debug|Any CPU = Debug|Any CPU
		Release|Any CPU = Release|Any CPU
	EndGlobalSection
	GlobalSection(ProjectConfigurationPlatforms) = postSolution
		{B3F50719-C5F0-48DE-A381-179E7E5DC8AB}.Debug|Any CPU.ActiveCfg = Debug|Any CPU
		{B3F50719-C5F0-48DE-A381-179E7E5DC8AB}.Debug|Any CPU.Build.0 = Debug|Any CPU
		{B3F50719-C5F0-48DE-A381-179E7E5DC8AB}.Release|Any CPU.ActiveCfg = Release|Any CPU
		{B3F50719-C5F0-48DE-A381-179E7E5DC8AB}.Release|Any CPU.Build.0 = Release|Any CPU
	EndGlobalSection
	GlobalSection(SolutionProperties) = preSolution
		HideSolutionNode = FALSE
	EndGlobalSection
	GlobalSection(ExtensibilityGlobals) = postSolution
		SolutionGuid = {F55B7B79-8AC4-4D5E-9CB7-F59E7E8F97B0}
	EndGlobalSection
EndGlobal
